
Microsoft Visual Studio Solution File, Format Version 12.00
# Visual Studio Version 17
VisualStudioVersion = 17.10.35027.167
MinimumVisualStudioVersion = 10.0.40219.1
Project("{FAE04EC0-301F-11D3-BF4B-00C04F79EFBC}") = "buildyourstax", "buildyourstax\buildyourstax.csproj", "{7F1508E6-9A52-4305-96C7-7AC6FD83A2D1}"
EndProject
Global
	GlobalSection(SolutionConfigurationPlatforms) = preSolution
		Debug|Any CPU = Debug|Any CPU
		Release|Any CPU = Release|Any CPU
	EndGlobalSection
	GlobalSection(ProjectConfigurationPlatforms) = postSolution
		{7F1508E6-9A52-4305-96C7-7AC6FD83A2D1}.Debug|Any CPU.ActiveCfg = Debug|Any CPU
		{7F1508E6-9A52-4305-96C7-7AC6FD83A2D1}.Debug|Any CPU.Build.0 = Debug|Any CPU
		{7F1508E6-9A52-4305-96C7-7AC6FD83A2D1}.Release|Any CPU.ActiveCfg = Release|Any CPU
		{7F1508E6-9A52-4305-96C7-7AC6FD83A2D1}.Release|Any CPU.Build.0 = Release|Any CPU
	EndGlobalSection
	GlobalSection(SolutionProperties) = preSolution
		HideSolutionNode = FALSE
	EndGlobalSection
	GlobalSection(ExtensibilityGlobals) = postSolution
		SolutionGuid = {44C9DBEA-B3D7-4792-9B15-2A2714040015}
	EndGlobalSection
EndGlobal
